// !$*UTF8*$!
{
	archiveVersion = 1;
	classes = {
	};
	objectVersion = 50;
	objects = {

/* Begin PBXBuildFile section */
		7F656164258CED5400CB4349 /* AccountViewController.swift in Sources */ = {isa = PBXBuildFile; fileRef = 7F656163258CED5400CB4349 /* AccountViewController.swift */; };
		7F656166258CED7100CB4349 /* MoneyTransfer.swift in Sources */ = {isa = PBXBuildFile; fileRef = 7F656165258CED7100CB4349 /* MoneyTransfer.swift */; };
		7F65616B258CEE8600CB4349 /* CoreDataManager.swift in Sources */ = {isa = PBXBuildFile; fileRef = 7F65616A258CEE8600CB4349 /* CoreDataManager.swift */; };
		7F656175258DEA5D00CB4349 /* Acounts.swift in Sources */ = {isa = PBXBuildFile; fileRef = 7F656173258DEA5D00CB4349 /* Acounts.swift */; };
		7F656176258DEA5D00CB4349 /* Acounts.xib in Resources */ = {isa = PBXBuildFile; fileRef = 7F656174258DEA5D00CB4349 /* Acounts.xib */; };
		7FA036C0258CD05800DAF85C /* AppDelegate.swift in Sources */ = {isa = PBXBuildFile; fileRef = 7FA036BF258CD05800DAF85C /* AppDelegate.swift */; };
		7FA036C2258CD05800DAF85C /* SceneDelegate.swift in Sources */ = {isa = PBXBuildFile; fileRef = 7FA036C1258CD05800DAF85C /* SceneDelegate.swift */; };
		7FA036C4258CD05800DAF85C /* ViewController.swift in Sources */ = {isa = PBXBuildFile; fileRef = 7FA036C3258CD05800DAF85C /* ViewController.swift */; };
		7FA036C7258CD05800DAF85C /* Main.storyboard in Resources */ = {isa = PBXBuildFile; fileRef = 7FA036C5258CD05800DAF85C /* Main.storyboard */; };
		7FA036CA258CD05800DAF85C /* BankApplication.xcdatamodeld in Sources */ = {isa = PBXBuildFile; fileRef = 7FA036C8258CD05800DAF85C /* BankApplication.xcdatamodeld */; };
		7FA036CC258CD06200DAF85C /* Assets.xcassets in Resources */ = {isa = PBXBuildFile; fileRef = 7FA036CB258CD06200DAF85C /* Assets.xcassets */; };
		7FA036CF258CD06200DAF85C /* LaunchScreen.storyboard in Resources */ = {isa = PBXBuildFile; fileRef = 7FA036CD258CD06200DAF85C /* LaunchScreen.storyboard */; };
/* End PBXBuildFile section */

/* Begin PBXFileReference section */
		7F656163258CED5400CB4349 /* AccountViewController.swift */ = {isa = PBXFileReference; lastKnownFileType = sourcecode.swift; path = AccountViewController.swift; sourceTree = "<group>"; };
		7F656165258CED7100CB4349 /* MoneyTransfer.swift */ = {isa = PBXFileReference; lastKnownFileType = sourcecode.swift; path = MoneyTransfer.swift; sourceTree = "<group>"; };
		7F65616A258CEE8600CB4349 /* CoreDataManager.swift */ = {isa = PBXFileReference; lastKnownFileType = sourcecode.swift; path = CoreDataManager.swift; sourceTree = "<group>"; };
		7F656173258DEA5D00CB4349 /* Acounts.swift */ = {isa = PBXFileReference; lastKnownFileType = sourcecode.swift; path = Acounts.swift; sourceTree = "<group>"; };
		7F656174258DEA5D00CB4349 /* Acounts.xib */ = {isa = PBXFileReference; lastKnownFileType = file.xib; path = Acounts.xib; sourceTree = "<group>"; };
		7FA036BC258CD05800DAF85C /* BankApplication.app */ = {isa = PBXFileReference; explicitFileType = wrapper.application; includeInIndex = 0; path = BankApplication.app; sourceTree = BUILT_PRODUCTS_DIR; };
		7FA036BF258CD05800DAF85C /* AppDelegate.swift */ = {isa = PBXFileReference; lastKnownFileType = sourcecode.swift; path = AppDelegate.swift; sourceTree = "<group>"; };
		7FA036C1258CD05800DAF85C /* SceneDelegate.swift */ = {isa = PBXFileReference; lastKnownFileType = sourcecode.swift; path = SceneDelegate.swift; sourceTree = "<group>"; };
		7FA036C3258CD05800DAF85C /* ViewController.swift */ = {isa = PBXFileReference; lastKnownFileType = sourcecode.swift; path = ViewController.swift; sourceTree = "<group>"; };
		7FA036C6258CD05800DAF85C /* Base */ = {isa = PBXFileReference; lastKnownFileType = file.storyboard; name = Base; path = Base.lproj/Main.storyboard; sourceTree = "<group>"; };
		7FA036C9258CD05800DAF85C /* BankApplication.xcdatamodel */ = {isa = PBXFileReference; lastKnownFileType = wrapper.xcdatamodel; path = BankApplication.xcdatamodel; sourceTree = "<group>"; };
		7FA036CB258CD06200DAF85C /* Assets.xcassets */ = {isa = PBXFileReference; lastKnownFileType = folder.assetcatalog; path = Assets.xcassets; sourceTree = "<group>"; };
		7FA036CE258CD06200DAF85C /* Base */ = {isa = PBXFileReference; lastKnownFileType = file.storyboard; name = Base; path = Base.lproj/LaunchScreen.storyboard; sourceTree = "<group>"; };
		7FA036D0258CD06200DAF85C /* Info.plist */ = {isa = PBXFileReference; lastKnownFileType = text.plist.xml; path = Info.plist; sourceTree = "<group>"; };
/* End PBXFileReference section */

/* Begin PBXFrameworksBuildPhase section */
		7FA036B9258CD05800DAF85C /* Frameworks */ = {
			isa = PBXFrameworksBuildPhase;
			buildActionMask = 2147483647;
			files = (
			);
			runOnlyForDeploymentPostprocessing = 0;
		};
/* End PBXFrameworksBuildPhase section */

/* Begin PBXGroup section */
		7F656161258CED0400CB4349 /* Controller */ = {
			isa = PBXGroup;
			children = (
				7F656163258CED5400CB4349 /* AccountViewController.swift */,
				7F656165258CED7100CB4349 /* MoneyTransfer.swift */,
				7FA036C3258CD05800DAF85C /* ViewController.swift */,
				7F656173258DEA5D00CB4349 /* Acounts.swift */,
			);
			path = Controller;
			sourceTree = "<group>";
		};
		7F656162258CED1100CB4349 /* View */ = {
			isa = PBXGroup;
			children = (
				7FA036C5258CD05800DAF85C /* Main.storyboard */,
				7F656174258DEA5D00CB4349 /* Acounts.xib */,
			);
			path = View;
			sourceTree = "<group>";
		};
		7F656169258CEDE800CB4349 /* Model */ = {
			isa = PBXGroup;
			children = (
				7FA036C8258CD05800DAF85C /* BankApplication.xcdatamodeld */,
				7F65616A258CEE8600CB4349 /* CoreDataManager.swift */,
			);
			path = Model;
			sourceTree = "<group>";
		};
		7FA036B3258CD05800DAF85C = {
			isa = PBXGroup;
			children = (
				7FA036BE258CD05800DAF85C /* BankApplication */,
				7FA036BD258CD05800DAF85C /* Products */,
			);
			sourceTree = "<group>";
		};
		7FA036BD258CD05800DAF85C /* Products */ = {
			isa = PBXGroup;
			children = (
				7FA036BC258CD05800DAF85C /* BankApplication.app */,
			);
			name = Products;
			sourceTree = "<group>";
		};
		7FA036BE258CD05800DAF85C /* BankApplication */ = {
			isa = PBXGroup;
			children = (
				7FA036BF258CD05800DAF85C /* AppDelegate.swift */,
				7FA036C1258CD05800DAF85C /* SceneDelegate.swift */,
				7F656169258CEDE800CB4349 /* Model */,
				7F656162258CED1100CB4349 /* View */,
				7F656161258CED0400CB4349 /* Controller */,
				7FA036CB258CD06200DAF85C /* Assets.xcassets */,
				7FA036CD258CD06200DAF85C /* LaunchScreen.storyboard */,
				7FA036D0258CD06200DAF85C /* Info.plist */,
			);
			path = BankApplication;
			sourceTree = "<group>";
		};
/* End PBXGroup section */

/* Begin PBXNativeTarget section */
		7FA036BB258CD05800DAF85C /* BankApplication */ = {
			isa = PBXNativeTarget;
			buildConfigurationList = 7FA036D3258CD06200DAF85C /* Build configuration list for PBXNativeTarget "BankApplication" */;
			buildPhases = (
				7FA036B8258CD05800DAF85C /* Sources */,
				7FA036B9258CD05800DAF85C /* Frameworks */,
				7FA036BA258CD05800DAF85C /* Resources */,
			);
			buildRules = (
			);
			dependencies = (
			);
			name = BankApplication;
			productName = BankApplication;
			productReference = 7FA036BC258CD05800DAF85C /* BankApplication.app */;
			productType = "com.apple.product-type.application";
		};
/* End PBXNativeTarget section */

/* Begin PBXProject section */
		7FA036B4258CD05800DAF85C /* Project object */ = {
			isa = PBXProject;
			attributes = {
				LastSwiftUpdateCheck = 1150;
				LastUpgradeCheck = 1150;
				ORGANIZATIONNAME = "sejal khanna";
				TargetAttributes = {
					7FA036BB258CD05800DAF85C = {
						CreatedOnToolsVersion = 11.5;
					};
				};
			};
			buildConfigurationList = 7FA036B7258CD05800DAF85C /* Build configuration list for PBXProject "BankApplication" */;
			compatibilityVersion = "Xcode 9.3";
			developmentRegion = en;
			hasScannedForEncodings = 0;
			knownRegions = (
				en,
				Base,
			);
			mainGroup = 7FA036B3258CD05800DAF85C;
			productRefGroup = 7FA036BD258CD05800DAF85C /* Products */;
			projectDirPath = "";
			projectRoot = "";
			targets = (
				7FA036BB258CD05800DAF85C /* BankApplication */,
			);
		};
/* End PBXProject section */

/* Begin PBXResourcesBuildPhase section */
		7FA036BA258CD05800DAF85C /* Resources */ = {
			isa = PBXResourcesBuildPhase;
			buildActionMask = 2147483647;
			files = (
				7FA036CF258CD06200DAF85C /* LaunchScreen.storyboard in Resources */,
				7F656176258DEA5D00CB4349 /* Acounts.xib in Resources */,
				7FA036CC258CD06200DAF85C /* Assets.xcassets in Resources */,
				7FA036C7258CD05800DAF85C /* Main.storyboard in Resources */,
			);
			runOnlyForDeploymentPostprocessing = 0;
		};
/* End PBXResourcesBuildPhase section */

/* Begin PBXSourcesBuildPhase section */
		7FA036B8258CD05800DAF85C /* Sources */ = {
			isa = PBXSourcesBuildPhase;
			buildActionMask = 2147483647;
			files = (
				7FA036CA258CD05800DAF85C /* BankApplication.xcdatamodeld in Sources */,
				7F656164258CED5400CB4349 /* AccountViewController.swift in Sources */,
				7FA036C4258CD05800DAF85C /* ViewController.swift in Sources */,
				7FA036C0258CD05800DAF85C /* AppDelegate.swift in Sources */,
				7FA036C2258CD05800DAF85C /* SceneDelegate.swift in Sources */,
				7F656175258DEA5D00CB4349 /* Acounts.swift in Sources */,
				7F65616B258CEE8600CB4349 /* CoreDataManager.swift in Sources */,
				7F656166258CED7100CB4349 /* MoneyTransfer.swift in Sources */,
			);
			runOnlyForDeploymentPostprocessing = 0;
		};
/* End PBXSourcesBuildPhase section */

/* Begin PBXVariantGroup section */
		7FA036C5258CD05800DAF85C /* Main.storyboard */ = {
			isa = PBXVariantGroup;
			children = (
				7FA036C6258CD05800DAF85C /* Base */,
			);
			name = Main.storyboard;
			sourceTree = "<group>";
		};
		7FA036CD258CD06200DAF85C /* LaunchScreen.storyboard */ = {
			isa = PBXVariantGroup;
			children = (
				7FA036CE258CD06200DAF85C /* Base */,
			);
			name = LaunchScreen.storyboard;
			sourceTree = "<group>";
		};
/* End PBXVariantGroup section */

/* Begin XCBuildConfiguration section */
		7FA036D1258CD06200DAF85C /* Debug */ = {
			isa = XCBuildConfiguration;
			buildSettings = {
				ALWAYS_SEARCH_USER_PATHS = NO;
				CLANG_ANALYZER_NONNULL = YES;
				CLANG_ANALYZER_NUMBER_OBJECT_CONVERSION = YES_AGGRESSIVE;
				CLANG_CXX_LANGUAGE_STANDARD = "gnu++14";
				CLANG_CXX_LIBRARY = "libc++";
				CLANG_ENABLE_MODULES = YES;
				CLANG_ENABLE_OBJC_ARC = YES;
				CLANG_ENABLE_OBJC_WEAK = YES;
				CLANG_WARN_BLOCK_CAPTURE_AUTORELEASING = YES;
				CLANG_WARN_BOOL_CONVERSION = YES;
				CLANG_WARN_COMMA = YES;
				CLANG_WARN_CONSTANT_CONVERSION = YES;
				CLANG_WARN_DEPRECATED_OBJC_IMPLEMENTATIONS = YES;
				CLANG_WARN_DIRECT_OBJC_ISA_USAGE = YES_ERROR;
				CLANG_WARN_DOCUMENTATION_COMMENTS = YES;
				CLANG_WARN_EMPTY_BODY = YES;
				CLANG_WARN_ENUM_CONVERSION = YES;
				CLANG_WARN_INFINITE_RECURSION = YES;
				CLANG_WARN_INT_CONVERSION = YES;
				CLANG_WARN_NON_LITERAL_NULL_CONVERSION = YES;
				CLANG_WARN_OBJC_IMPLICIT_RETAIN_SELF = YES;
				CLANG_WARN_OBJC_LITERAL_CONVERSION = YES;
				CLANG_WARN_OBJC_ROOT_CLASS = YES_ERROR;
				CLANG_WARN_RANGE_LOOP_ANALYSIS = YES;
				CLANG_WARN_STRICT_PROTOTYPES = YES;
				CLANG_WARN_SUSPICIOUS_MOVE = YES;
				CLANG_WARN_UNGUARDED_AVAILABILITY = YES_AGGRESSIVE;
				CLANG_WARN_UNREACHABLE_CODE = YES;
				CLANG_WARN__DUPLICATE_METHOD_MATCH = YES;
				COPY_PHASE_STRIP = NO;
				DEBUG_INFORMATION_FORMAT = dwarf;
				ENABLE_STRICT_OBJC_MSGSEND = YES;
				ENABLE_TESTABILITY = YES;
				GCC_C_LANGUAGE_STANDARD = gnu11;
				GCC_DYNAMIC_NO_PIC = NO;
				GCC_NO_COMMON_BLOCKS = YES;
				GCC_OPTIMIZATION_LEVEL = 0;
				GCC_PREPROCESSOR_DEFINITIONS = (
					"DEBUG=1",
					"$(inherited)",
				);
				GCC_WARN_64_TO_32_BIT_CONVERSION = YES;
				GCC_WARN_ABOUT_RETURN_TYPE = YES_ERROR;
				GCC_WARN_UNDECLARED_SELECTOR = YES;
				GCC_WARN_UNINITIALIZED_AUTOS = YES_AGGRESSIVE;
				GCC_WARN_UNUSED_FUNCTION = YES;
				GCC_WARN_UNUSED_VARIABLE = YES;
				IPHONEOS_DEPLOYMENT_TARGET = 13.5;
				MTL_ENABLE_DEBUG_INFO = INCLUDE_SOURCE;
				MTL_FAST_MATH = YES;
				ONLY_ACTIVE_ARCH = YES;
				SDKROOT = iphoneos;
				SWIFT_ACTIVE_COMPILATION_CONDITIONS = DEBUG;
				SWIFT_OPTIMIZATION_LEVEL = "-Onone";
			};
			name = Debug;
		};
		7FA036D2258CD06200DAF85C /* Release */ = {
			isa = XCBuildConfiguration;
			buildSettings = {
				ALWAYS_SEARCH_USER_PATHS = NO;
				CLANG_ANALYZER_NONNULL = YES;
				CLANG_ANALYZER_NUMBER_OBJECT_CONVERSION = YES_AGGRESSIVE;
				CLANG_CXX_LANGUAGE_STANDARD = "gnu++14";
				CLANG_CXX_LIBRARY = "libc++";
				CLANG_ENABLE_MODULES = YES;
				CLANG_ENABLE_OBJC_ARC = YES;
				CLANG_ENABLE_OBJC_WEAK = YES;
				CLANG_WARN_BLOCK_CAPTURE_AUTORELEASING = YES;
				CLANG_WARN_BOOL_CONVERSION = YES;
				CLANG_WARN_COMMA = YES;
				CLANG_WARN_CONSTANT_CONVERSION = YES;
				CLANG_WARN_DEPRECATED_OBJC_IMPLEMENTATIONS = YES;
				CLANG_WARN_DIRECT_OBJC_ISA_USAGE = YES_ERROR;
				CLANG_WARN_DOCUMENTATION_COMMENTS = YES;
				CLANG_WARN_EMPTY_BODY = YES;
				CLANG_WARN_ENUM_CONVERSION = YES;
				CLANG_WARN_INFINITE_RECURSION = YES;
				CLANG_WARN_INT_CONVERSION = YES;
				CLANG_WARN_NON_LITERAL_NULL_CONVERSION = YES;
				CLANG_WARN_OBJC_IMPLICIT_RETAIN_SELF = YES;
				CLANG_WARN_OBJC_LITERAL_CONVERSION = YES;
				CLANG_WARN_OBJC_ROOT_CLASS = YES_ERROR;
				CLANG_WARN_RANGE_LOOP_ANALYSIS = YES;
				CLANG_WARN_STRICT_PROTOTYPES = YES;
				CLANG_WARN_SUSPICIOUS_MOVE = YES;
				CLANG_WARN_UNGUARDED_AVAILABILITY = YES_AGGRESSIVE;
				CLANG_WARN_UNREACHABLE_CODE = YES;
				CLANG_WARN__DUPLICATE_METHOD_MATCH = YES;
				COPY_PHASE_STRIP = NO;
				DEBUG_INFORMATION_FORMAT = "dwarf-with-dsym";
				ENABLE_NS_ASSERTIONS = NO;
				ENABLE_STRICT_OBJC_MSGSEND = YES;
				GCC_C_LANGUAGE_STANDARD = gnu11;
				GCC_NO_COMMON_BLOCKS = YES;
				GCC_WARN_64_TO_32_BIT_CONVERSION = YES;
				GCC_WARN_ABOUT_RETURN_TYPE = YES_ERROR;
				GCC_WARN_UNDECLARED_SELECTOR = YES;
				GCC_WARN_UNINITIALIZED_AUTOS = YES_AGGRESSIVE;
				GCC_WARN_UNUSED_FUNCTION = YES;
				GCC_WARN_UNUSED_VARIABLE = YES;
				IPHONEOS_DEPLOYMENT_TARGET = 13.5;
				MTL_ENABLE_DEBUG_INFO = NO;
				MTL_FAST_MATH = YES;
				SDKROOT = iphoneos;
				SWIFT_COMPILATION_MODE = wholemodule;
				SWIFT_OPTIMIZATION_LEVEL = "-O";
				VALIDATE_PRODUCT = YES;
			};
			name = Release;
		};
		7FA036D4258CD06200DAF85C /* Debug */ = {
			isa = XCBuildConfiguration;
			buildSettings = {
				ASSETCATALOG_COMPILER_APPICON_NAME = AppIcon;
				CODE_SIGN_STYLE = Automatic;
				INFOPLIST_FILE = BankApplication/Info.plist;
				LD_RUNPATH_SEARCH_PATHS = (
					"$(inherited)",
					"@executable_path/Frameworks",
				);
				PRODUCT_BUNDLE_IDENTIFIER = com.sarv.c.BankApplication;
				PRODUCT_NAME = "$(TARGET_NAME)";
				SWIFT_VERSION = 5.0;
				TARGETED_DEVICE_FAMILY = "1,2";
			};
			name = Debug;
		};
		7FA036D5258CD06200DAF85C /* Release */ = {
			isa = XCBuildConfiguration;
			buildSettings = {
				ASSETCATALOG_COMPILER_APPICON_NAME = AppIcon;
				CODE_SIGN_STYLE = Automatic;
				INFOPLIST_FILE = BankApplication/Info.plist;
				LD_RUNPATH_SEARCH_PATHS = (
					"$(inherited)",
					"@executable_path/Frameworks",
				);
				PRODUCT_BUNDLE_IDENTIFIER = com.sarv.c.BankApplication;
				PRODUCT_NAME = "$(TARGET_NAME)";
				SWIFT_VERSION = 5.0;
				TARGETED_DEVICE_FAMILY = "1,2";
			};
			name = Release;
		};
/* End XCBuildConfiguration section */

/* Begin XCConfigurationList section */
		7FA036B7258CD05800DAF85C /* Build configuration list for PBXProject "BankApplication" */ = {
			isa = XCConfigurationList;
			buildConfigurations = (
				7FA036D1258CD06200DAF85C /* Debug */,
				7FA036D2258CD06200DAF85C /* Release */,
			);
			defaultConfigurationIsVisible = 0;
			defaultConfigurationName = Release;
		};
		7FA036D3258CD06200DAF85C /* Build configuration list for PBXNativeTarget "BankApplication" */ = {
			isa = XCConfigurationList;
			buildConfigurations = (
				7FA036D4258CD06200DAF85C /* Debug */,
				7FA036D5258CD06200DAF85C /* Release */,
			);
			defaultConfigurationIsVisible = 0;
			defaultConfigurationName = Release;
		};
/* End XCConfigurationList section */

/* Begin XCVersionGroup section */
		7FA036C8258CD05800DAF85C /* BankApplication.xcdatamodeld */ = {
			isa = XCVersionGroup;
			children = (
				7FA036C9258CD05800DAF85C /* BankApplication.xcdatamodel */,
			);
			currentVersion = 7FA036C9258CD05800DAF85C /* BankApplication.xcdatamodel */;
			path = BankApplication.xcdatamodeld;
			sourceTree = "<group>";
			versionGroupType = wrapper.xcdatamodel;
		};
/* End XCVersionGroup section */
	};
	rootObject = 7FA036B4258CD05800DAF85C /* Project object */;
}
